{
    "_readme": [
        "This file locks the dependencies of your project to a known state",
        "Read more about it at https://getcomposer.org/doc/01-basic-usage.md#installing-dependencies",
        "This file is @generated automatically"
    ],
    "content-hash": "39edc2d4042a5cc0a62070788dfca121",
    "packages": [
        {
            "name": "bayfrontmedia/php-array-helpers",
            "version": "1.0.1",
            "source": {
                "type": "git",
                "url": "https://github.com/bayfrontmedia/php-array-helpers.git",
                "reference": "a5d3dd357f6bee31c857e16b1db0199efb10307e"
            },
            "dist": {
                "type": "zip",
                "url": "https://api.github.com/repos/bayfrontmedia/php-array-helpers/zipball/a5d3dd357f6bee31c857e16b1db0199efb10307e",
                "reference": "a5d3dd357f6bee31c857e16b1db0199efb10307e",
                "shasum": ""
            },
            "require": {
                "php": ">=7.1.0"
            },
            "type": "library",
            "autoload": {
                "psr-4": {
                    "Bayfront\\ArrayHelpers\\": "src/"
                }
            },
            "notification-url": "https://packagist.org/downloads/",
            "license": [
                "MIT"
            ],
            "authors": [
                {
                    "name": "John Robinson",
                    "email": "john@bayfrontmedia.com",
                    "homepage": "https://www.bayfrontmedia.com",
                    "role": "Developer"
                }
            ],
            "description": "Helper class to provide useful array functions.",
            "homepage": "https://github.com/bayfrontmedia/php-array-helpers",
            "keywords": [
                "array",
                "function",
                "helper",
                "helpers",
                "php"
            ],
            "time": "2020-08-02T22:59:39+00:00"
        },
        {
            "name": "bayfrontmedia/php-cookies",
            "version": "1.0.0",
            "source": {
                "type": "git",
                "url": "https://github.com/bayfrontmedia/php-cookies.git",
                "reference": "d86510bd4e3590688d7d49e9806944985d6d463c"
            },
            "dist": {
                "type": "zip",
                "url": "https://api.github.com/repos/bayfrontmedia/php-cookies/zipball/d86510bd4e3590688d7d49e9806944985d6d463c",
                "reference": "d86510bd4e3590688d7d49e9806944985d6d463c",
                "shasum": ""
            },
            "require": {
                "php": ">=7.1.0"
            },
            "type": "library",
            "autoload": {
                "psr-4": {
                    "Bayfront\\Cookies\\": "src/"
                }
            },
            "notification-url": "https://packagist.org/downloads/",
            "license": [
                "MIT"
            ],
            "authors": [
                {
                    "name": "John Robinson",
                    "email": "john@bayfrontmedia.com",
                    "homepage": "https://www.bayfrontmedia.com",
                    "role": "Developer"
                }
            ],
            "description": "Helper class to easily work with cookies.",
            "homepage": "https://github.com/bayfrontmedia/php-cookies",
            "keywords": [
                "cookie",
                "cookies",
                "php"
            ],
            "time": "2020-07-27T18:30:06+00:00"
        }
    ],
    "packages-dev": [
        {
            "name": "bayfrontmedia/filesystem-factory",
            "version": "1.1.0",
            "source": {
                "type": "git",
                "url": "https://github.com/bayfrontmedia/filesystem-factory.git",
                "reference": "3516782f45ef0ffdf14b4ff4e037a00c51d74732"
            },
            "dist": {
                "type": "zip",
                "url": "https://api.github.com/repos/bayfrontmedia/filesystem-factory/zipball/3516782f45ef0ffdf14b4ff4e037a00c51d74732",
                "reference": "3516782f45ef0ffdf14b4ff4e037a00c51d74732",
                "shasum": ""
            },
            "require": {
                "bayfrontmedia/php-array-helpers": "^1.0",
                "league/flysystem": "^1.0.70",
                "php": ">=7.1.0"
            },
            "require-dev": {
                "league/flysystem-aws-s3-v3": "^1.0",
                "league/flysystem-cached-adapter": "^1.0",
                "league/flysystem-memory": "^1.0",
                "league/flysystem-sftp": "^1.0"
            },
            "type": "library",
            "autoload": {
                "psr-4": {
                    "Bayfront\\Filesystem\\": "src/"
                }
            },
            "notification-url": "https://packagist.org/downloads/",
            "license": [
                "MIT"
            ],
            "authors": [
                {
                    "name": "John Robinson",
                    "email": "john@bayfrontmedia.com",
                    "homepage": "https://www.bayfrontmedia.com",
                    "role": "Developer"
                }
            ],
            "description": "An easy to use filesystem factory built atop Flysystem v1.",
            "homepage": "https://github.com/bayfrontmedia/filesystem-factory",
            "keywords": [
                "Flysystem",
                "factory",
                "filesystem",
                "php",
                "storage"
            ],
            "time": "2020-09-09T20:49:34+00:00"
        },
        {
            "name": "league/flysystem",
            "version": "1.0.70",
            "source": {
                "type": "git",
                "url": "https://github.com/thephpleague/flysystem.git",
                "reference": "585824702f534f8d3cf7fab7225e8466cc4b7493"
            },
            "dist": {
                "type": "zip",
                "url": "https://api.github.com/repos/thephpleague/flysystem/zipball/585824702f534f8d3cf7fab7225e8466cc4b7493",
                "reference": "585824702f534f8d3cf7fab7225e8466cc4b7493",
                "shasum": ""
            },
            "require": {
                "ext-fileinfo": "*",
                "php": ">=5.5.9"
            },
            "conflict": {
                "league/flysystem-sftp": "<1.0.6"
            },
            "require-dev": {
                "phpspec/phpspec": "^3.4 || ^4.0 || ^5.0 || ^6.0",
                "phpunit/phpunit": "^5.7.26"
            },
            "suggest": {
                "ext-fileinfo": "Required for MimeType",
                "ext-ftp": "Allows you to use FTP server storage",
                "ext-openssl": "Allows you to use FTPS server storage",
                "league/flysystem-aws-s3-v2": "Allows you to use S3 storage with AWS SDK v2",
                "league/flysystem-aws-s3-v3": "Allows you to use S3 storage with AWS SDK v3",
                "league/flysystem-azure": "Allows you to use Windows Azure Blob storage",
                "league/flysystem-cached-adapter": "Flysystem adapter decorator for metadata caching",
                "league/flysystem-eventable-filesystem": "Allows you to use EventableFilesystem",
                "league/flysystem-rackspace": "Allows you to use Rackspace Cloud Files",
                "league/flysystem-sftp": "Allows you to use SFTP server storage via phpseclib",
                "league/flysystem-webdav": "Allows you to use WebDAV storage",
                "league/flysystem-ziparchive": "Allows you to use ZipArchive adapter",
                "spatie/flysystem-dropbox": "Allows you to use Dropbox storage",
                "srmklive/flysystem-dropbox-v2": "Allows you to use Dropbox storage for PHP 5 applications"
            },
            "type": "library",
            "extra": {
                "branch-alias": {
                    "dev-master": "1.1-dev"
                }
            },
            "autoload": {
                "psr-4": {
                    "League\\Flysystem\\": "src/"
                }
            },
            "notification-url": "https://packagist.org/downloads/",
            "license": [
                "MIT"
            ],
            "authors": [
                {
                    "name": "Frank de Jonge",
                    "email": "info@frenky.net"
                }
            ],
            "description": "Filesystem abstraction: Many filesystems, one API.",
            "keywords": [
                "Cloud Files",
                "WebDAV",
                "abstraction",
                "aws",
                "cloud",
                "copy.com",
                "dropbox",
                "file systems",
                "files",
                "filesystem",
                "filesystems",
                "ftp",
                "rackspace",
                "remote",
                "s3",
                "sftp",
                "storage"
            ],
            "time": "2020-07-26T07:20:36+00:00"
        }
    ],
    "aliases": [],
    "minimum-stability": "stable",
    "stability-flags": [],
    "prefer-stable": false,
    "prefer-lowest": false,
    "platform": {
        "php": ">=7.1.0"
    },
    "platform-dev": []
}
